
Microsoft Visual Studio Solution File, Format Version 12.00
# Visual Studio Version 17
VisualStudioVersion = 17.7.34202.233
MinimumVisualStudioVersion = 10.0.40219.1
Project("{FAE04EC0-301F-11D3-BF4B-00C04F79EFBC}") = "Juego de Gato", "Juego de Gato.csproj", "{09F97B03-8A2D-4916-A9DF-4EE8A9B94A86}"
EndProject
Global
	GlobalSection(SolutionConfigurationPlatforms) = preSolution
		Debug|Any CPU = Debug|Any CPU
		Release|Any CPU = Release|Any CPU
	EndGlobalSection
	GlobalSection(ProjectConfigurationPlatforms) = postSolution
		{09F97B03-8A2D-4916-A9DF-4EE8A9B94A86}.Debug|Any CPU.ActiveCfg = Debug|Any CPU
		{09F97B03-8A2D-4916-A9DF-4EE8A9B94A86}.Debug|Any CPU.Build.0 = Debug|Any CPU
		{09F97B03-8A2D-4916-A9DF-4EE8A9B94A86}.Release|Any CPU.ActiveCfg = Release|Any CPU
		{09F97B03-8A2D-4916-A9DF-4EE8A9B94A86}.Release|Any CPU.Build.0 = Release|Any CPU
	EndGlobalSection
	GlobalSection(SolutionProperties) = preSolution
		HideSolutionNode = FALSE
	EndGlobalSection
	GlobalSection(ExtensibilityGlobals) = postSolution
		SolutionGuid = {941E3779-8783-4912-9100-8BB57249E574}
	EndGlobalSection
EndGlobal
